# Copyright (C) 1991-2005 Altera Corporation
# Your use of Altera Corporation's design tools, logic functions 
# and other software and tools, and its AMPP partner logic       
# functions, and any output files any of the foregoing           
# (including device programming or simulation files), and any    
# associated documentation or information are expressly subject  
# to the terms and conditions of the Altera Program License      
# Subscription Agreement, Altera MegaCore Function License       
# Agreement, or other applicable license agreement, including,   
# without limitation, that your use is for the sole purpose of   
# programming logic devices manufactured by Altera and sold by   
# Altera or its authorized distributors.  Please refer to the    
# applicable agreement for further details.


# The default values for assignments are stored in the file
#		TestPlatformFPGA_assignment_defaults.qdf
# If this file doesn't exist, and for assignments not listed, see file
#		assignment_defaults.qdf

# Altera recommends that you do not modify this file. This
# file is updated automatically by the Quartus II software
# and any changes you make may be lost or overwritten.


# Project-Wide Assignments
# ========================
set_global_assignment -name ORIGINAL_QUARTUS_VERSION 5.0
set_global_assignment -name PROJECT_CREATION_TIME_DATE "14:26:30  OCTOBER 30, 2006"
set_global_assignment -name LAST_QUARTUS_VERSION "6.0 SP1.18"
set_global_assignment -name VERILOG_FILE ../rtl/Top/FPGA0.v

# Pin & Location Assignments
# ==========================
#set_location_assignment PIN_Y36  -to Clock
set_location_assignment PIN_AB8  -to RESETn

### LCD Input
set_location_assignment PIN_D24 -to LCDClk # NCDM_SMReset_no
set_location_assignment PIN_A23 -to LCDDataEn # NCDM_SMCmd_o[0]
set_location_assignment PIN_B24 -to LCDHSync # NCDM_SMCmd_o[1]
set_location_assignment PIN_A25 -to LCDVSync # NCDM_SMCmd_o[2]
set_location_assignment PIN_B26 -to LCDData[0] # NCDM_SMAddr_o[0]
set_location_assignment PIN_A26 -to LCDData[1] # NCDM_SMAddr_o[1]
set_location_assignment PIN_D25 -to LCDData[2] # NCDM_SMAddr_o[2]
set_location_assignment PIN_D26 -to LCDData[3] # NCDM_SMAddr_o[3]
set_location_assignment PIN_B27 -to LCDData[4] # NCDM_SMAddr_o[4]
set_location_assignment PIN_D27 -to LCDData[5] # NCDM_SMAddr_o[5]
set_location_assignment PIN_A27 -to LCDData[6] # NCDM_SMAddr_o[6]
set_location_assignment PIN_B29 -to LCDData[7] # NCDM_SMAddr_o[7]
set_location_assignment PIN_A29 -to LCDData[8] # NCDM_SMAddr_o[8]
set_location_assignment PIN_A28 -to LCDData[9] # NCDM_SMAddr_o[9]
set_location_assignment PIN_D28 -to LCDData[10] # NCDM_SSCmdAccept_i
set_location_assignment PIN_B30 -to LCDData[11] # NCDM_SMData_o[0]
set_location_assignment PIN_A30 -to LCDData[12] # NCDM_SMData_o[1]
set_location_assignment PIN_D30 -to LCDData[13] # NCDM_SMData_o[2]
set_location_assignment PIN_D29 -to LCDData[14] # NCDM_SMData_o[3]
set_location_assignment PIN_B32 -to LCDData[15] # NCDM_SMData_o[4]
set_location_assignment PIN_A31 -to LCDData[16] # NCDM_SMData_o[5]
set_location_assignment PIN_D31 -to LCDData[17] # NCDM_SMData_o[6]
set_location_assignment PIN_A32 -to LCDData[18] # NCDM_SMData_o[7]
set_location_assignment PIN_B33 -to LCDData[19] # NCDM_SMData_o[8]
set_location_assignment PIN_D33 -to LCDData[20] # NCDM_SMData_o[9]
set_location_assignment PIN_A33 -to LCDData[21] # NCDM_SMData_o[10]
set_location_assignment PIN_D32 -to LCDData[22] # NCDM_SMData_o[11]
set_location_assignment PIN_A35 -to LCDData[23] # NCDM_SMData_o[12]

### LCD Output
set_location_assignment PIN_J26 -to LCDDataOut[0]
set_location_assignment PIN_H25 -to LCDDataOut[1]
set_location_assignment PIN_L24 -to LCDDataOut[2]
set_location_assignment PIN_M23 -to LCDDataOut[3]
set_location_assignment PIN_L23 -to LCDDataOut[4]
set_location_assignment PIN_F27 -to LCDDataOut[5]
set_location_assignment PIN_H27 -to LCDDataOut[6]
set_location_assignment PIN_M26 -to LCDDataOut[7]
set_location_assignment PIN_E27 -to LCDDataOut[8]
set_location_assignment PIN_L25 -to LCDDataOut[9]
set_location_assignment PIN_G25 -to LCDDataOut[10]
set_location_assignment PIN_M24 -to LCDDataOut[11]
set_location_assignment PIN_G23 -to LCDDataOut[12]
set_location_assignment PIN_F24 -to LCDDataOut[13]
set_location_assignment PIN_N26 -to LCDDataOut[14]
set_location_assignment PIN_J27 -to LCDDataOut[15]
set_location_assignment PIN_E28 -to LCDDataOut[16]
set_location_assignment PIN_K26 -to LCDDataOut[17]
set_location_assignment PIN_G26 -to LCDDataOut[18]
set_location_assignment PIN_H28 -to LCDDataOut[19]
set_location_assignment PIN_E29 -to LCDDataOut[20]
set_location_assignment PIN_G29 -to LCDDataOut[21]
set_location_assignment PIN_M27 -to LCDDataOut[22]
set_location_assignment PIN_G27 -to LCDDataOut[23]
set_location_assignment PIN_K27 -to LCDDataEnOut
set_location_assignment PIN_L26 -to LCDClkOut
set_location_assignment PIN_M21 -to LCDDISP
set_location_assignment PIN_J24 -to LCDHSyncOut
set_location_assignment PIN_J22 -to LCDVSyncOut

# Analysis & Synthesis Assignments
# ================================
set_global_assignment -name TOP_LEVEL_ENTITY FPGA0
set_global_assignment -name FAMILY "Stratix II"

# Fitter Assignments
# ==================
set_global_assignment -name DEVICE EP2S180F1508C4
set_global_assignment -name RESERVE_ALL_UNUSED_PINS "AS INPUT TRI-STATED"

# Assembler Assignments
# =====================
set_global_assignment -name RESERVE_ALL_UNUSED_PINS_NO_OUTPUT_GND "AS INPUT TRI-STATED"
